
Microsoft Visual Studio Solution File, Format Version 12.00
# Visual Studio 15
VisualStudioVersion = 15.0.27004.2000
MinimumVisualStudioVersion = 10.0.40219.1
Project("{FAE04EC0-301F-11D3-BF4B-00C04F79EFBC}") = "QuizGame", "QuizGame\QuizGame.csproj", "{5A0951D2-B1E4-4192-B707-3DF937741D17}"
EndProject
Project("{2150E333-8FDC-42A3-9474-1A3956D46DE8}") = "Solution Items", "Solution Items", "{6A113674-6CE3-4735-B25E-ED5538BA63B6}"
	ProjectSection(SolutionItems) = preProject
		Contributing.md = Contributing.md
		LICENSE = LICENSE
		README.md = README.md
	EndProjectSection
EndProject
Global
	GlobalSection(SolutionConfigurationPlatforms) = preSolution
		Debug|ARM = Debug|ARM
		Debug|x64 = Debug|x64
		Debug|x86 = Debug|x86
		Release|ARM = Release|ARM
		Release|x64 = Release|x64
		Release|x86 = Release|x86
	EndGlobalSection
	GlobalSection(ProjectConfigurationPlatforms) = postSolution
		{5A0951D2-B1E4-4192-B707-3DF937741D17}.Debug|ARM.ActiveCfg = Debug|ARM
		{5A0951D2-B1E4-4192-B707-3DF937741D17}.Debug|ARM.Build.0 = Debug|ARM
		{5A0951D2-B1E4-4192-B707-3DF937741D17}.Debug|ARM.Deploy.0 = Debug|ARM
		{5A0951D2-B1E4-4192-B707-3DF937741D17}.Debug|x64.ActiveCfg = Debug|x64
		{5A0951D2-B1E4-4192-B707-3DF937741D17}.Debug|x64.Build.0 = Debug|x64
		{5A0951D2-B1E4-4192-B707-3DF937741D17}.Debug|x64.Deploy.0 = Debug|x64
		{5A0951D2-B1E4-4192-B707-3DF937741D17}.Debug|x86.ActiveCfg = Debug|x86
		{5A0951D2-B1E4-4192-B707-3DF937741D17}.Debug|x86.Build.0 = Debug|x86
		{5A0951D2-B1E4-4192-B707-3DF937741D17}.Debug|x86.Deploy.0 = Debug|x86
		{5A0951D2-B1E4-4192-B707-3DF937741D17}.Release|ARM.ActiveCfg = Release|ARM
		{5A0951D2-B1E4-4192-B707-3DF937741D17}.Release|ARM.Build.0 = Release|ARM
		{5A0951D2-B1E4-4192-B707-3DF937741D17}.Release|ARM.Deploy.0 = Release|ARM
		{5A0951D2-B1E4-4192-B707-3DF937741D17}.Release|x64.ActiveCfg = Release|x64
		{5A0951D2-B1E4-4192-B707-3DF937741D17}.Release|x64.Build.0 = Release|x64
		{5A0951D2-B1E4-4192-B707-3DF937741D17}.Release|x64.Deploy.0 = Release|x64
		{5A0951D2-B1E4-4192-B707-3DF937741D17}.Release|x86.ActiveCfg = Release|x86
		{5A0951D2-B1E4-4192-B707-3DF937741D17}.Release|x86.Build.0 = Release|x86
		{5A0951D2-B1E4-4192-B707-3DF937741D17}.Release|x86.Deploy.0 = Release|x86
	EndGlobalSection
	GlobalSection(SolutionProperties) = preSolution
		HideSolutionNode = FALSE
	EndGlobalSection
	GlobalSection(ExtensibilityGlobals) = postSolution
		SolutionGuid = {97004B22-0395-411D-8C30-B4527D344AEF}
	EndGlobalSection
EndGlobal
